
Microsoft Visual Studio Solution File, Format Version 12.00
# Visual Studio Version 17
VisualStudioVersion = 17.14.36518.9 d17.14
MinimumVisualStudioVersion = 10.0.40219.1
Project("{FAE04EC0-301F-11D3-BF4B-00C04F79EFBC}") = "PleaseJustFuckingRestart", "PleaseJustFuckingRestart\PleaseJustFuckingRestart.csproj", "{827154FB-3B72-40AF-A30B-8D58BA2859BD}"
EndProject
Global
	GlobalSection(SolutionConfigurationPlatforms) = preSolution
		Debug|Any CPU = Debug|Any CPU
		Release|Any CPU = Release|Any CPU
	EndGlobalSection
	GlobalSection(ProjectConfigurationPlatforms) = postSolution
		{827154FB-3B72-40AF-A30B-8D58BA2859BD}.Debug|Any CPU.ActiveCfg = Debug|Any CPU
		{827154FB-3B72-40AF-A30B-8D58BA2859BD}.Debug|Any CPU.Build.0 = Debug|Any CPU
		{827154FB-3B72-40AF-A30B-8D58BA2859BD}.Release|Any CPU.ActiveCfg = Release|Any CPU
		{827154FB-3B72-40AF-A30B-8D58BA2859BD}.Release|Any CPU.Build.0 = Release|Any CPU
	EndGlobalSection
	GlobalSection(SolutionProperties) = preSolution
		HideSolutionNode = FALSE
	EndGlobalSection
	GlobalSection(ExtensibilityGlobals) = postSolution
		SolutionGuid = {A7F11146-53B9-496A-A929-AF2D742F66D4}
	EndGlobalSection
EndGlobal
